// !$*UTF8*$!
{
	archiveVersion = 1;
	classes = {
	};
	objectVersion = 46;
	objects = {

/* Begin PBXBuildFile section */
		D92C2EAC1B506301009382F9 /* splashScreen.mp4 in Resources */ = {isa = PBXBuildFile; fileRef = D92C2EAB1B506301009382F9 /* splashScreen.mp4 */; };
		D92C2EAE1B50630F009382F9 /* launchScreenImage.png in Resources */ = {isa = PBXBuildFile; fileRef = D92C2EAD1B50630F009382F9 /* launchScreenImage.png */; };
		D9A2501C1B50476200CAC4E3 /* AppDelegate.swift in Sources */ = {isa = PBXBuildFile; fileRef = D9A2501B1B50476200CAC4E3 /* AppDelegate.swift */; };
		D9A2501E1B50476200CAC4E3 /* ViewController.swift in Sources */ = {isa = PBXBuildFile; fileRef = D9A2501D1B50476200CAC4E3 /* ViewController.swift */; };
		D9A250211B50476200CAC4E3 /* Main.storyboard in Resources */ = {isa = PBXBuildFile; fileRef = D9A2501F1B50476200CAC4E3 /* Main.storyboard */; };
		D9A250231B50476200CAC4E3 /* Images.xcassets in Resources */ = {isa = PBXBuildFile; fileRef = D9A250221B50476200CAC4E3 /* Images.xcassets */; };
		D9A250261B50476200CAC4E3 /* LaunchScreen.xib in Resources */ = {isa = PBXBuildFile; fileRef = D9A250241B50476200CAC4E3 /* LaunchScreen.xib */; };
		D9A250321B50476200CAC4E3 /* ExampleTests.swift in Sources */ = {isa = PBXBuildFile; fileRef = D9A250311B50476200CAC4E3 /* ExampleTests.swift */; };
		D9A2504E1B504E9100CAC4E3 /* TBVideoSplashScreen.framework in Frameworks */ = {isa = PBXBuildFile; fileRef = D9A2504D1B504E9100CAC4E3 /* TBVideoSplashScreen.framework */; };
/* End PBXBuildFile section */

/* Begin PBXContainerItemProxy section */
		D9A2502C1B50476200CAC4E3 /* PBXContainerItemProxy */ = {
			isa = PBXContainerItemProxy;
			containerPortal = D9A2500E1B50476200CAC4E3 /* Project object */;
			proxyType = 1;
			remoteGlobalIDString = D9A250151B50476200CAC4E3;
			remoteInfo = Example;
		};
/* End PBXContainerItemProxy section */

/* Begin PBXFileReference section */
		D92C2EAB1B506301009382F9 /* splashScreen.mp4 */ = {isa = PBXFileReference; lastKnownFileType = file; path = splashScreen.mp4; sourceTree = "<group>"; };
		D92C2EAD1B50630F009382F9 /* launchScreenImage.png */ = {isa = PBXFileReference; lastKnownFileType = image.png; path = launchScreenImage.png; sourceTree = "<group>"; };
		D9A250161B50476200CAC4E3 /* Example.app */ = {isa = PBXFileReference; explicitFileType = wrapper.application; includeInIndex = 0; path = Example.app; sourceTree = BUILT_PRODUCTS_DIR; };
		D9A2501A1B50476200CAC4E3 /* Info.plist */ = {isa = PBXFileReference; lastKnownFileType = text.plist.xml; path = Info.plist; sourceTree = "<group>"; };
		D9A2501B1B50476200CAC4E3 /* AppDelegate.swift */ = {isa = PBXFileReference; lastKnownFileType = sourcecode.swift; path = AppDelegate.swift; sourceTree = "<group>"; };
		D9A2501D1B50476200CAC4E3 /* ViewController.swift */ = {isa = PBXFileReference; lastKnownFileType = sourcecode.swift; path = ViewController.swift; sourceTree = "<group>"; };
		D9A250201B50476200CAC4E3 /* Base */ = {isa = PBXFileReference; lastKnownFileType = file.storyboard; name = Base; path = Base.lproj/Main.storyboard; sourceTree = "<group>"; };
		D9A250221B50476200CAC4E3 /* Images.xcassets */ = {isa = PBXFileReference; lastKnownFileType = folder.assetcatalog; path = Images.xcassets; sourceTree = "<group>"; };
		D9A250251B50476200CAC4E3 /* Base */ = {isa = PBXFileReference; lastKnownFileType = file.xib; name = Base; path = Base.lproj/LaunchScreen.xib; sourceTree = "<group>"; };
		D9A2502B1B50476200CAC4E3 /* ExampleTests.xctest */ = {isa = PBXFileReference; explicitFileType = wrapper.cfbundle; includeInIndex = 0; path = ExampleTests.xctest; sourceTree = BUILT_PRODUCTS_DIR; };
		D9A250301B50476200CAC4E3 /* Info.plist */ = {isa = PBXFileReference; lastKnownFileType = text.plist.xml; path = Info.plist; sourceTree = "<group>"; };
		D9A250311B50476200CAC4E3 /* ExampleTests.swift */ = {isa = PBXFileReference; lastKnownFileType = sourcecode.swift; path = ExampleTests.swift; sourceTree = "<group>"; };
		D9A2504D1B504E9100CAC4E3 /* TBVideoSplashScreen.framework */ = {isa = PBXFileReference; lastKnownFileType = wrapper.framework; name = TBVideoSplashScreen.framework; path = "../build/Debug-iphoneos/TBVideoSplashScreen.framework"; sourceTree = "<group>"; };
/* End PBXFileReference section */

/* Begin PBXFrameworksBuildPhase section */
		D9A250131B50476200CAC4E3 /* Frameworks */ = {
			isa = PBXFrameworksBuildPhase;
			buildActionMask = 2147483647;
			files = (
				D9A2504E1B504E9100CAC4E3 /* TBVideoSplashScreen.framework in Frameworks */,
			);
			runOnlyForDeploymentPostprocessing = 0;
		};
		D9A250281B50476200CAC4E3 /* Frameworks */ = {
			isa = PBXFrameworksBuildPhase;
			buildActionMask = 2147483647;
			files = (
			);
			runOnlyForDeploymentPostprocessing = 0;
		};
/* End PBXFrameworksBuildPhase section */

/* Begin PBXGroup section */
		D9A2500D1B50476200CAC4E3 = {
			isa = PBXGroup;
			children = (
				D9A2504D1B504E9100CAC4E3 /* TBVideoSplashScreen.framework */,
				D9A250181B50476200CAC4E3 /* Example */,
				D9A2502E1B50476200CAC4E3 /* ExampleTests */,
				D9A250171B50476200CAC4E3 /* Products */,
			);
			sourceTree = "<group>";
		};
		D9A250171B50476200CAC4E3 /* Products */ = {
			isa = PBXGroup;
			children = (
				D9A250161B50476200CAC4E3 /* Example.app */,
				D9A2502B1B50476200CAC4E3 /* ExampleTests.xctest */,
			);
			name = Products;
			sourceTree = "<group>";
		};
		D9A250181B50476200CAC4E3 /* Example */ = {
			isa = PBXGroup;
			children = (
				D9A2501B1B50476200CAC4E3 /* AppDelegate.swift */,
				D92C2EAD1B50630F009382F9 /* launchScreenImage.png */,
				D92C2EAB1B506301009382F9 /* splashScreen.mp4 */,
				D9A2501D1B50476200CAC4E3 /* ViewController.swift */,
				D9A2501F1B50476200CAC4E3 /* Main.storyboard */,
				D9A250221B50476200CAC4E3 /* Images.xcassets */,
				D9A250241B50476200CAC4E3 /* LaunchScreen.xib */,
				D9A250191B50476200CAC4E3 /* Supporting Files */,
			);
			path = Example;
			sourceTree = "<group>";
		};
		D9A250191B50476200CAC4E3 /* Supporting Files */ = {
			isa = PBXGroup;
			children = (
				D9A2501A1B50476200CAC4E3 /* Info.plist */,
			);
			name = "Supporting Files";
			sourceTree = "<group>";
		};
		D9A2502E1B50476200CAC4E3 /* ExampleTests */ = {
			isa = PBXGroup;
			children = (
				D9A250311B50476200CAC4E3 /* ExampleTests.swift */,
				D9A2502F1B50476200CAC4E3 /* Supporting Files */,
			);
			path = ExampleTests;
			sourceTree = "<group>";
		};
		D9A2502F1B50476200CAC4E3 /* Supporting Files */ = {
			isa = PBXGroup;
			children = (
				D9A250301B50476200CAC4E3 /* Info.plist */,
			);
			name = "Supporting Files";
			sourceTree = "<group>";
		};
/* End PBXGroup section */

/* Begin PBXNativeTarget section */
		D9A250151B50476200CAC4E3 /* Example */ = {
			isa = PBXNativeTarget;
			buildConfigurationList = D9A250351B50476200CAC4E3 /* Build configuration list for PBXNativeTarget "Example" */;
			buildPhases = (
				D9A250121B50476200CAC4E3 /* Sources */,
				D9A250131B50476200CAC4E3 /* Frameworks */,
				D9A250141B50476200CAC4E3 /* Resources */,
			);
			buildRules = (
			);
			dependencies = (
			);
			name = Example;
			productName = Example;
			productReference = D9A250161B50476200CAC4E3 /* Example.app */;
			productType = "com.apple.product-type.application";
		};
		D9A2502A1B50476200CAC4E3 /* ExampleTests */ = {
			isa = PBXNativeTarget;
			buildConfigurationList = D9A250381B50476200CAC4E3 /* Build configuration list for PBXNativeTarget "ExampleTests" */;
			buildPhases = (
				D9A250271B50476200CAC4E3 /* Sources */,
				D9A250281B50476200CAC4E3 /* Frameworks */,
				D9A250291B50476200CAC4E3 /* Resources */,
			);
			buildRules = (
			);
			dependencies = (
				D9A2502D1B50476200CAC4E3 /* PBXTargetDependency */,
			);
			name = ExampleTests;
			productName = ExampleTests;
			productReference = D9A2502B1B50476200CAC4E3 /* ExampleTests.xctest */;
			productType = "com.apple.product-type.bundle.unit-test";
		};
/* End PBXNativeTarget section */

/* Begin PBXProject section */
		D9A2500E1B50476200CAC4E3 /* Project object */ = {
			isa = PBXProject;
			attributes = {
				LastUpgradeCheck = 0640;
				ORGANIZATIONNAME = "Terry Bu";
				TargetAttributes = {
					D9A250151B50476200CAC4E3 = {
						CreatedOnToolsVersion = 6.4;
					};
					D9A2502A1B50476200CAC4E3 = {
						CreatedOnToolsVersion = 6.4;
						TestTargetID = D9A250151B50476200CAC4E3;
					};
				};
			};
			buildConfigurationList = D9A250111B50476200CAC4E3 /* Build configuration list for PBXProject "Example" */;
			compatibilityVersion = "Xcode 3.2";
			developmentRegion = English;
			hasScannedForEncodings = 0;
			knownRegions = (
				en,
				Base,
			);
			mainGroup = D9A2500D1B50476200CAC4E3;
			productRefGroup = D9A250171B50476200CAC4E3 /* Products */;
			projectDirPath = "";
			projectRoot = "";
			targets = (
				D9A250151B50476200CAC4E3 /* Example */,
				D9A2502A1B50476200CAC4E3 /* ExampleTests */,
			);
		};
/* End PBXProject section */

/* Begin PBXResourcesBuildPhase section */
		D9A250141B50476200CAC4E3 /* Resources */ = {
			isa = PBXResourcesBuildPhase;
			buildActionMask = 2147483647;
			files = (
				D9A250211B50476200CAC4E3 /* Main.storyboard in Resources */,
				D9A250261B50476200CAC4E3 /* LaunchScreen.xib in Resources */,
				D92C2EAC1B506301009382F9 /* splashScreen.mp4 in Resources */,
				D92C2EAE1B50630F009382F9 /* launchScreenImage.png in Resources */,
				D9A250231B50476200CAC4E3 /* Images.xcassets in Resources */,
			);
			runOnlyForDeploymentPostprocessing = 0;
		};
		D9A250291B50476200CAC4E3 /* Resources */ = {
			isa = PBXResourcesBuildPhase;
			buildActionMask = 2147483647;
			files = (
			);
			runOnlyForDeploymentPostprocessing = 0;
		};
/* End PBXResourcesBuildPhase section */

/* Begin PBXSourcesBuildPhase section */
		D9A250121B50476200CAC4E3 /* Sources */ = {
			isa = PBXSourcesBuildPhase;
			buildActionMask = 2147483647;
			files = (
				D9A2501E1B50476200CAC4E3 /* ViewController.swift in Sources */,
				D9A2501C1B50476200CAC4E3 /* AppDelegate.swift in Sources */,
			);
			runOnlyForDeploymentPostprocessing = 0;
		};
		D9A250271B50476200CAC4E3 /* Sources */ = {
			isa = PBXSourcesBuildPhase;
			buildActionMask = 2147483647;
			files = (
				D9A250321B50476200CAC4E3 /* ExampleTests.swift in Sources */,
			);
			runOnlyForDeploymentPostprocessing = 0;
		};
/* End PBXSourcesBuildPhase section */

/* Begin PBXTargetDependency section */
		D9A2502D1B50476200CAC4E3 /* PBXTargetDependency */ = {
			isa = PBXTargetDependency;
			target = D9A250151B50476200CAC4E3 /* Example */;
			targetProxy = D9A2502C1B50476200CAC4E3 /* PBXContainerItemProxy */;
		};
/* End PBXTargetDependency section */

/* Begin PBXVariantGroup section */
		D9A2501F1B50476200CAC4E3 /* Main.storyboard */ = {
			isa = PBXVariantGroup;
			children = (
				D9A250201B50476200CAC4E3 /* Base */,
			);
			name = Main.storyboard;
			sourceTree = "<group>";
		};
		D9A250241B50476200CAC4E3 /* LaunchScreen.xib */ = {
			isa = PBXVariantGroup;
			children = (
				D9A250251B50476200CAC4E3 /* Base */,
			);
			name = LaunchScreen.xib;
			sourceTree = "<group>";
		};
/* End PBXVariantGroup section */

/* Begin XCBuildConfiguration section */
		D9A250331B50476200CAC4E3 /* Debug */ = {
			isa = XCBuildConfiguration;
			buildSettings = {
				ALWAYS_SEARCH_USER_PATHS = NO;
				CLANG_CXX_LANGUAGE_STANDARD = "gnu++0x";
				CLANG_CXX_LIBRARY = "libc++";
				CLANG_ENABLE_MODULES = YES;
				CLANG_ENABLE_OBJC_ARC = YES;
				CLANG_WARN_BOOL_CONVERSION = YES;
				CLANG_WARN_CONSTANT_CONVERSION = YES;
				CLANG_WARN_DIRECT_OBJC_ISA_USAGE = YES_ERROR;
				CLANG_WARN_EMPTY_BODY = YES;
				CLANG_WARN_ENUM_CONVERSION = YES;
				CLANG_WARN_INT_CONVERSION = YES;
				CLANG_WARN_OBJC_ROOT_CLASS = YES_ERROR;
				CLANG_WARN_UNREACHABLE_CODE = YES;
				CLANG_WARN__DUPLICATE_METHOD_MATCH = YES;
				"CODE_SIGN_IDENTITY[sdk=iphoneos*]" = "iPhone Developer";
				COPY_PHASE_STRIP = NO;
				DEBUG_INFORMATION_FORMAT = "dwarf-with-dsym";
				ENABLE_STRICT_OBJC_MSGSEND = YES;
				GCC_C_LANGUAGE_STANDARD = gnu99;
				GCC_DYNAMIC_NO_PIC = NO;
				GCC_NO_COMMON_BLOCKS = YES;
				GCC_OPTIMIZATION_LEVEL = 0;
				GCC_PREPROCESSOR_DEFINITIONS = (
					"DEBUG=1",
					"$(inherited)",
				);
				GCC_SYMBOLS_PRIVATE_EXTERN = NO;
				GCC_WARN_64_TO_32_BIT_CONVERSION = YES;
				GCC_WARN_ABOUT_RETURN_TYPE = YES_ERROR;
				GCC_WARN_UNDECLARED_SELECTOR = YES;
				GCC_WARN_UNINITIALIZED_AUTOS = YES_AGGRESSIVE;
				GCC_WARN_UNUSED_FUNCTION = YES;
				GCC_WARN_UNUSED_VARIABLE = YES;
				IPHONEOS_DEPLOYMENT_TARGET = 8.4;
				MTL_ENABLE_DEBUG_INFO = YES;
				ONLY_ACTIVE_ARCH = YES;
				SDKROOT = iphoneos;
				SWIFT_OPTIMIZATION_LEVEL = "-Onone";
				TARGETED_DEVICE_FAMILY = "1,2";
			};
			name = Debug;
		};
		D9A250341B50476200CAC4E3 /* Release */ = {
			isa = XCBuildConfiguration;
			buildSettings = {
				ALWAYS_SEARCH_USER_PATHS = NO;
				CLANG_CXX_LANGUAGE_STANDARD = "gnu++0x";
				CLANG_CXX_LIBRARY = "libc++";
				CLANG_ENABLE_MODULES = YES;
				CLANG_ENABLE_OBJC_ARC = YES;
				CLANG_WARN_BOOL_CONVERSION = YES;
				CLANG_WARN_CONSTANT_CONVERSION = YES;
				CLANG_WARN_DIRECT_OBJC_ISA_USAGE = YES_ERROR;
				CLANG_WARN_EMPTY_BODY = YES;
				CLANG_WARN_ENUM_CONVERSION = YES;
				CLANG_WARN_INT_CONVERSION = YES;
				CLANG_WARN_OBJC_ROOT_CLASS = YES_ERROR;
				CLANG_WARN_UNREACHABLE_CODE = YES;
				CLANG_WARN__DUPLICATE_METHOD_MATCH = YES;
				"CODE_SIGN_IDENTITY[sdk=iphoneos*]" = "iPhone Developer";
				COPY_PHASE_STRIP = NO;
				DEBUG_INFORMATION_FORMAT = "dwarf-with-dsym";
				ENABLE_NS_ASSERTIONS = NO;
				ENABLE_STRICT_OBJC_MSGSEND = YES;
				GCC_C_LANGUAGE_STANDARD = gnu99;
				GCC_NO_COMMON_BLOCKS = YES;
				GCC_WARN_64_TO_32_BIT_CONVERSION = YES;
				GCC_WARN_ABOUT_RETURN_TYPE = YES_ERROR;
				GCC_WARN_UNDECLARED_SELECTOR = YES;
				GCC_WARN_UNINITIALIZED_AUTOS = YES_AGGRESSIVE;
				GCC_WARN_UNUSED_FUNCTION = YES;
				GCC_WARN_UNUSED_VARIABLE = YES;
				IPHONEOS_DEPLOYMENT_TARGET = 8.4;
				MTL_ENABLE_DEBUG_INFO = NO;
				SDKROOT = iphoneos;
				TARGETED_DEVICE_FAMILY = "1,2";
				VALIDATE_PRODUCT = YES;
			};
			name = Release;
		};
		D9A250361B50476200CAC4E3 /* Debug */ = {
			isa = XCBuildConfiguration;
			buildSettings = {
				ASSETCATALOG_COMPILER_APPICON_NAME = AppIcon;
				FRAMEWORK_SEARCH_PATHS = (
					"$(inherited)",
					"/Users/TerryBu/Documents/Libraries/TBVideoSplashScreen/build/Debug-iphoneos",
				);
				INFOPLIST_FILE = Example/Info.plist;
				LD_RUNPATH_SEARCH_PATHS = "$(inherited) @executable_path/Frameworks";
				PRODUCT_NAME = "$(TARGET_NAME)";
			};
			name = Debug;
		};
		D9A250371B50476200CAC4E3 /* Release */ = {
			isa = XCBuildConfiguration;
			buildSettings = {
				ASSETCATALOG_COMPILER_APPICON_NAME = AppIcon;
				FRAMEWORK_SEARCH_PATHS = (
					"$(inherited)",
					"/Users/TerryBu/Documents/Libraries/TBVideoSplashScreen/build/Debug-iphoneos",
				);
				INFOPLIST_FILE = Example/Info.plist;
				LD_RUNPATH_SEARCH_PATHS = "$(inherited) @executable_path/Frameworks";
				PRODUCT_NAME = "$(TARGET_NAME)";
			};
			name = Release;
		};
		D9A250391B50476200CAC4E3 /* Debug */ = {
			isa = XCBuildConfiguration;
			buildSettings = {
				BUNDLE_LOADER = "$(TEST_HOST)";
				FRAMEWORK_SEARCH_PATHS = (
					"$(SDKROOT)/Developer/Library/Frameworks",
					"$(inherited)",
				);
				GCC_PREPROCESSOR_DEFINITIONS = (
					"DEBUG=1",
					"$(inherited)",
				);
				INFOPLIST_FILE = ExampleTests/Info.plist;
				LD_RUNPATH_SEARCH_PATHS = "$(inherited) @executable_path/Frameworks @loader_path/Frameworks";
				PRODUCT_NAME = "$(TARGET_NAME)";
				TEST_HOST = "$(BUILT_PRODUCTS_DIR)/Example.app/Example";
			};
			name = Debug;
		};
		D9A2503A1B50476200CAC4E3 /* Release */ = {
			isa = XCBuildConfiguration;
			buildSettings = {
				BUNDLE_LOADER = "$(TEST_HOST)";
				FRAMEWORK_SEARCH_PATHS = (
					"$(SDKROOT)/Developer/Library/Frameworks",
					"$(inherited)",
				);
				INFOPLIST_FILE = ExampleTests/Info.plist;
				LD_RUNPATH_SEARCH_PATHS = "$(inherited) @executable_path/Frameworks @loader_path/Frameworks";
				PRODUCT_NAME = "$(TARGET_NAME)";
				TEST_HOST = "$(BUILT_PRODUCTS_DIR)/Example.app/Example";
			};
			name = Release;
		};
/* End XCBuildConfiguration section */

/* Begin XCConfigurationList section */
		D9A250111B50476200CAC4E3 /* Build configuration list for PBXProject "Example" */ = {
			isa = XCConfigurationList;
			buildConfigurations = (
				D9A250331B50476200CAC4E3 /* Debug */,
				D9A250341B50476200CAC4E3 /* Release */,
			);
			defaultConfigurationIsVisible = 0;
			defaultConfigurationName = Release;
		};
		D9A250351B50476200CAC4E3 /* Build configuration list for PBXNativeTarget "Example" */ = {
			isa = XCConfigurationList;
			buildConfigurations = (
				D9A250361B50476200CAC4E3 /* Debug */,
				D9A250371B50476200CAC4E3 /* Release */,
			);
			defaultConfigurationIsVisible = 0;
			defaultConfigurationName = Release;
		};
		D9A250381B50476200CAC4E3 /* Build configuration list for PBXNativeTarget "ExampleTests" */ = {
			isa = XCConfigurationList;
			buildConfigurations = (
				D9A250391B50476200CAC4E3 /* Debug */,
				D9A2503A1B50476200CAC4E3 /* Release */,
			);
			defaultConfigurationIsVisible = 0;
			defaultConfigurationName = Release;
		};
/* End XCConfigurationList section */
	};
	rootObject = D9A2500E1B50476200CAC4E3 /* Project object */;
}
